// !$*UTF8*$!
{
	archiveVersion = 1;
	classes = {
	};
	objectVersion = 48;
	objects = {

/* Begin PBXBuildFile section */
		311D49571F530B85002FBC09 /* AppDelegate.swift in Sources */ = {isa = PBXBuildFile; fileRef = 311D49561F530B85002FBC09 /* AppDelegate.swift */; };
		311D495C1F530B85002FBC09 /* Main.storyboard in Resources */ = {isa = PBXBuildFile; fileRef = 311D495A1F530B85002FBC09 /* Main.storyboard */; };
		311D495F1F530B85002FBC09 /* ToDo_List.xcdatamodeld in Sources */ = {isa = PBXBuildFile; fileRef = 311D495D1F530B85002FBC09 /* ToDo_List.xcdatamodeld */; };
		311D49611F530B85002FBC09 /* Assets.xcassets in Resources */ = {isa = PBXBuildFile; fileRef = 311D49601F530B85002FBC09 /* Assets.xcassets */; };
		311D49641F530B85002FBC09 /* LaunchScreen.storyboard in Resources */ = {isa = PBXBuildFile; fileRef = 311D49621F530B85002FBC09 /* LaunchScreen.storyboard */; };
		311D496C1F5310AC002FBC09 /* ToDoTableViewController.swift in Sources */ = {isa = PBXBuildFile; fileRef = 311D496B1F5310AC002FBC09 /* ToDoTableViewController.swift */; };
		311D49701F5311C8002FBC09 /* ToDo.swift in Sources */ = {isa = PBXBuildFile; fileRef = 311D496F1F5311C8002FBC09 /* ToDo.swift */; };
		311D49721F531AAA002FBC09 /* AddToDoViewController.swift in Sources */ = {isa = PBXBuildFile; fileRef = 311D49711F531AAA002FBC09 /* AddToDoViewController.swift */; };
		311D49741F532E6B002FBC09 /* CompleteViewController.swift in Sources */ = {isa = PBXBuildFile; fileRef = 311D49731F532E6B002FBC09 /* CompleteViewController.swift */; };
/* End PBXBuildFile section */

/* Begin PBXFileReference section */
		311D49531F530B85002FBC09 /* ToDo List.app */ = {isa = PBXFileReference; explicitFileType = wrapper.application; includeInIndex = 0; path = "ToDo List.app"; sourceTree = BUILT_PRODUCTS_DIR; };
		311D49561F530B85002FBC09 /* AppDelegate.swift */ = {isa = PBXFileReference; lastKnownFileType = sourcecode.swift; path = AppDelegate.swift; sourceTree = "<group>"; };
		311D495B1F530B85002FBC09 /* Base */ = {isa = PBXFileReference; lastKnownFileType = file.storyboard; name = Base; path = Base.lproj/Main.storyboard; sourceTree = "<group>"; };
		311D495E1F530B85002FBC09 /* ToDo_List.xcdatamodel */ = {isa = PBXFileReference; lastKnownFileType = wrapper.xcdatamodel; path = ToDo_List.xcdatamodel; sourceTree = "<group>"; };
		311D49601F530B85002FBC09 /* Assets.xcassets */ = {isa = PBXFileReference; lastKnownFileType = folder.assetcatalog; path = Assets.xcassets; sourceTree = "<group>"; };
		311D49631F530B85002FBC09 /* Base */ = {isa = PBXFileReference; lastKnownFileType = file.storyboard; name = Base; path = Base.lproj/LaunchScreen.storyboard; sourceTree = "<group>"; };
		311D49651F530B85002FBC09 /* Info.plist */ = {isa = PBXFileReference; lastKnownFileType = text.plist.xml; path = Info.plist; sourceTree = "<group>"; };
		311D496B1F5310AC002FBC09 /* ToDoTableViewController.swift */ = {isa = PBXFileReference; lastKnownFileType = sourcecode.swift; path = ToDoTableViewController.swift; sourceTree = "<group>"; };
		311D496F1F5311C8002FBC09 /* ToDo.swift */ = {isa = PBXFileReference; lastKnownFileType = sourcecode.swift; path = ToDo.swift; sourceTree = "<group>"; };
		311D49711F531AAA002FBC09 /* AddToDoViewController.swift */ = {isa = PBXFileReference; lastKnownFileType = sourcecode.swift; path = AddToDoViewController.swift; sourceTree = "<group>"; };
		311D49731F532E6B002FBC09 /* CompleteViewController.swift */ = {isa = PBXFileReference; lastKnownFileType = sourcecode.swift; path = CompleteViewController.swift; sourceTree = "<group>"; };
/* End PBXFileReference section */

/* Begin PBXFrameworksBuildPhase section */
		311D49501F530B85002FBC09 /* Frameworks */ = {
			isa = PBXFrameworksBuildPhase;
			buildActionMask = 2147483647;
			files = (
			);
			runOnlyForDeploymentPostprocessing = 0;
		};
/* End PBXFrameworksBuildPhase section */

/* Begin PBXGroup section */
		311D494A1F530B85002FBC09 = {
			isa = PBXGroup;
			children = (
				311D49551F530B85002FBC09 /* ToDo List */,
				311D49541F530B85002FBC09 /* Products */,
			);
			sourceTree = "<group>";
		};
		311D49541F530B85002FBC09 /* Products */ = {
			isa = PBXGroup;
			children = (
				311D49531F530B85002FBC09 /* ToDo List.app */,
			);
			name = Products;
			sourceTree = "<group>";
		};
		311D49551F530B85002FBC09 /* ToDo List */ = {
			isa = PBXGroup;
			children = (
				311D49561F530B85002FBC09 /* AppDelegate.swift */,
				311D496B1F5310AC002FBC09 /* ToDoTableViewController.swift */,
				311D49711F531AAA002FBC09 /* AddToDoViewController.swift */,
				311D49731F532E6B002FBC09 /* CompleteViewController.swift */,
				311D496F1F5311C8002FBC09 /* ToDo.swift */,
				311D495A1F530B85002FBC09 /* Main.storyboard */,
				311D49601F530B85002FBC09 /* Assets.xcassets */,
				311D49621F530B85002FBC09 /* LaunchScreen.storyboard */,
				311D49651F530B85002FBC09 /* Info.plist */,
				311D495D1F530B85002FBC09 /* ToDo_List.xcdatamodeld */,
			);
			path = "ToDo List";
			sourceTree = "<group>";
		};
/* End PBXGroup section */

/* Begin PBXNativeTarget section */
		311D49521F530B85002FBC09 /* ToDo List */ = {
			isa = PBXNativeTarget;
			buildConfigurationList = 311D49681F530B85002FBC09 /* Build configuration list for PBXNativeTarget "ToDo List" */;
			buildPhases = (
				311D494F1F530B85002FBC09 /* Sources */,
				311D49501F530B85002FBC09 /* Frameworks */,
				311D49511F530B85002FBC09 /* Resources */,
			);
			buildRules = (
			);
			dependencies = (
			);
			name = "ToDo List";
			productName = "ToDo List";
			productReference = 311D49531F530B85002FBC09 /* ToDo List.app */;
			productType = "com.apple.product-type.application";
		};
/* End PBXNativeTarget section */

/* Begin PBXProject section */
		311D494B1F530B85002FBC09 /* Project object */ = {
			isa = PBXProject;
			attributes = {
				LastSwiftUpdateCheck = 0900;
				LastUpgradeCheck = 0900;
				ORGANIZATIONNAME = "Marco Grier";
				TargetAttributes = {
					311D49521F530B85002FBC09 = {
						CreatedOnToolsVersion = 9.0;
						ProvisioningStyle = Automatic;
					};
				};
			};
			buildConfigurationList = 311D494E1F530B85002FBC09 /* Build configuration list for PBXProject "ToDo List" */;
			compatibilityVersion = "Xcode 8.0";
			developmentRegion = en;
			hasScannedForEncodings = 0;
			knownRegions = (
				en,
				Base,
			);
			mainGroup = 311D494A1F530B85002FBC09;
			productRefGroup = 311D49541F530B85002FBC09 /* Products */;
			projectDirPath = "";
			projectRoot = "";
			targets = (
				311D49521F530B85002FBC09 /* ToDo List */,
			);
		};
/* End PBXProject section */

/* Begin PBXResourcesBuildPhase section */
		311D49511F530B85002FBC09 /* Resources */ = {
			isa = PBXResourcesBuildPhase;
			buildActionMask = 2147483647;
			files = (
				311D49641F530B85002FBC09 /* LaunchScreen.storyboard in Resources */,
				311D49611F530B85002FBC09 /* Assets.xcassets in Resources */,
				311D495C1F530B85002FBC09 /* Main.storyboard in Resources */,
			);
			runOnlyForDeploymentPostprocessing = 0;
		};
/* End PBXResourcesBuildPhase section */

/* Begin PBXSourcesBuildPhase section */
		311D494F1F530B85002FBC09 /* Sources */ = {
			isa = PBXSourcesBuildPhase;
			buildActionMask = 2147483647;
			files = (
				311D49571F530B85002FBC09 /* AppDelegate.swift in Sources */,
				311D496C1F5310AC002FBC09 /* ToDoTableViewController.swift in Sources */,
				311D49721F531AAA002FBC09 /* AddToDoViewController.swift in Sources */,
				311D495F1F530B85002FBC09 /* ToDo_List.xcdatamodeld in Sources */,
				311D49701F5311C8002FBC09 /* ToDo.swift in Sources */,
				311D49741F532E6B002FBC09 /* CompleteViewController.swift in Sources */,
			);
			runOnlyForDeploymentPostprocessing = 0;
		};
/* End PBXSourcesBuildPhase section */

/* Begin PBXVariantGroup section */
		311D495A1F530B85002FBC09 /* Main.storyboard */ = {
			isa = PBXVariantGroup;
			children = (
				311D495B1F530B85002FBC09 /* Base */,
			);
			name = Main.storyboard;
			sourceTree = "<group>";
		};
		311D49621F530B85002FBC09 /* LaunchScreen.storyboard */ = {
			isa = PBXVariantGroup;
			children = (
				311D49631F530B85002FBC09 /* Base */,
			);
			name = LaunchScreen.storyboard;
			sourceTree = "<group>";
		};
/* End PBXVariantGroup section */

/* Begin XCBuildConfiguration section */
		311D49661F530B85002FBC09 /* Debug */ = {
			isa = XCBuildConfiguration;
			buildSettings = {
				ALWAYS_SEARCH_USER_PATHS = NO;
				CLANG_ANALYZER_NONNULL = YES;
				CLANG_ANALYZER_NUMBER_OBJECT_CONVERSION = YES_AGGRESSIVE;
				CLANG_CXX_LANGUAGE_STANDARD = "gnu++14";
				CLANG_CXX_LIBRARY = "libc++";
				CLANG_ENABLE_MODULES = YES;
				CLANG_ENABLE_OBJC_ARC = YES;
				CLANG_WARN_BLOCK_CAPTURE_AUTORELEASING = YES;
				CLANG_WARN_BOOL_CONVERSION = YES;
				CLANG_WARN_COMMA = YES;
				CLANG_WARN_CONSTANT_CONVERSION = YES;
				CLANG_WARN_DIRECT_OBJC_ISA_USAGE = YES_ERROR;
				CLANG_WARN_DOCUMENTATION_COMMENTS = YES;
				CLANG_WARN_EMPTY_BODY = YES;
				CLANG_WARN_ENUM_CONVERSION = YES;
				CLANG_WARN_INFINITE_RECURSION = YES;
				CLANG_WARN_INT_CONVERSION = YES;
				CLANG_WARN_NON_LITERAL_NULL_CONVERSION = YES;
				CLANG_WARN_OBJC_LITERAL_CONVERSION = YES;
				CLANG_WARN_OBJC_ROOT_CLASS = YES_ERROR;
				CLANG_WARN_RANGE_LOOP_ANALYSIS = YES;
				CLANG_WARN_STRICT_PROTOTYPES = YES;
				CLANG_WARN_SUSPICIOUS_MOVE = YES;
				CLANG_WARN_UNGUARDED_AVAILABILITY = YES_AGGRESSIVE;
				CLANG_WARN_UNREACHABLE_CODE = YES;
				CLANG_WARN__DUPLICATE_METHOD_MATCH = YES;
				CODE_SIGN_IDENTITY = "iPhone Developer";
				COPY_PHASE_STRIP = NO;
				DEBUG_INFORMATION_FORMAT = dwarf;
				ENABLE_STRICT_OBJC_MSGSEND = YES;
				ENABLE_TESTABILITY = YES;
				GCC_C_LANGUAGE_STANDARD = gnu11;
				GCC_DYNAMIC_NO_PIC = NO;
				GCC_NO_COMMON_BLOCKS = YES;
				GCC_OPTIMIZATION_LEVEL = 0;
				GCC_PREPROCESSOR_DEFINITIONS = (
					"DEBUG=1",
					"$(inherited)",
				);
				GCC_WARN_64_TO_32_BIT_CONVERSION = YES;
				GCC_WARN_ABOUT_RETURN_TYPE = YES_ERROR;
				GCC_WARN_UNDECLARED_SELECTOR = YES;
				GCC_WARN_UNINITIALIZED_AUTOS = YES_AGGRESSIVE;
				GCC_WARN_UNUSED_FUNCTION = YES;
				GCC_WARN_UNUSED_VARIABLE = YES;
				IPHONEOS_DEPLOYMENT_TARGET = 11.0;
				MTL_ENABLE_DEBUG_INFO = YES;
				ONLY_ACTIVE_ARCH = YES;
				SDKROOT = iphoneos;
				SWIFT_ACTIVE_COMPILATION_CONDITIONS = DEBUG;
				SWIFT_OPTIMIZATION_LEVEL = "-Onone";
			};
			name = Debug;
		};
		311D49671F530B85002FBC09 /* Release */ = {
			isa = XCBuildConfiguration;
			buildSettings = {
				ALWAYS_SEARCH_USER_PATHS = NO;
				CLANG_ANALYZER_NONNULL = YES;
				CLANG_ANALYZER_NUMBER_OBJECT_CONVERSION = YES_AGGRESSIVE;
				CLANG_CXX_LANGUAGE_STANDARD = "gnu++14";
				CLANG_CXX_LIBRARY = "libc++";
				CLANG_ENABLE_MODULES = YES;
				CLANG_ENABLE_OBJC_ARC = YES;
				CLANG_WARN_BLOCK_CAPTURE_AUTORELEASING = YES;
				CLANG_WARN_BOOL_CONVERSION = YES;
				CLANG_WARN_COMMA = YES;
				CLANG_WARN_CONSTANT_CONVERSION = YES;
				CLANG_WARN_DIRECT_OBJC_ISA_USAGE = YES_ERROR;
				CLANG_WARN_DOCUMENTATION_COMMENTS = YES;
				CLANG_WARN_EMPTY_BODY = YES;
				CLANG_WARN_ENUM_CONVERSION = YES;
				CLANG_WARN_INFINITE_RECURSION = YES;
				CLANG_WARN_INT_CONVERSION = YES;
				CLANG_WARN_NON_LITERAL_NULL_CONVERSION = YES;
				CLANG_WARN_OBJC_LITERAL_CONVERSION = YES;
				CLANG_WARN_OBJC_ROOT_CLASS = YES_ERROR;
				CLANG_WARN_RANGE_LOOP_ANALYSIS = YES;
				CLANG_WARN_STRICT_PROTOTYPES = YES;
				CLANG_WARN_SUSPICIOUS_MOVE = YES;
				CLANG_WARN_UNGUARDED_AVAILABILITY = YES_AGGRESSIVE;
				CLANG_WARN_UNREACHABLE_CODE = YES;
				CLANG_WARN__DUPLICATE_METHOD_MATCH = YES;
				CODE_SIGN_IDENTITY = "iPhone Developer";
				COPY_PHASE_STRIP = NO;
				DEBUG_INFORMATION_FORMAT = "dwarf-with-dsym";
				ENABLE_NS_ASSERTIONS = NO;
				ENABLE_STRICT_OBJC_MSGSEND = YES;
				GCC_C_LANGUAGE_STANDARD = gnu11;
				GCC_NO_COMMON_BLOCKS = YES;
				GCC_WARN_64_TO_32_BIT_CONVERSION = YES;
				GCC_WARN_ABOUT_RETURN_TYPE = YES_ERROR;
				GCC_WARN_UNDECLARED_SELECTOR = YES;
				GCC_WARN_UNINITIALIZED_AUTOS = YES_AGGRESSIVE;
				GCC_WARN_UNUSED_FUNCTION = YES;
				GCC_WARN_UNUSED_VARIABLE = YES;
				IPHONEOS_DEPLOYMENT_TARGET = 11.0;
				MTL_ENABLE_DEBUG_INFO = NO;
				SDKROOT = iphoneos;
				SWIFT_OPTIMIZATION_LEVEL = "-Owholemodule";
				VALIDATE_PRODUCT = YES;
			};
			name = Release;
		};
		311D49691F530B85002FBC09 /* Debug */ = {
			isa = XCBuildConfiguration;
			buildSettings = {
				ASSETCATALOG_COMPILER_APPICON_NAME = AppIcon;
				CODE_SIGN_STYLE = Automatic;
				INFOPLIST_FILE = "ToDo List/Info.plist";
				LD_RUNPATH_SEARCH_PATHS = "$(inherited) @executable_path/Frameworks";
				PRODUCT_BUNDLE_IDENTIFIER = "com.mlgrier.ToDo-List";
				PRODUCT_NAME = "$(TARGET_NAME)";
				SWIFT_VERSION = 4.0;
				TARGETED_DEVICE_FAMILY = "1,2";
			};
			name = Debug;
		};
		311D496A1F530B85002FBC09 /* Release */ = {
			isa = XCBuildConfiguration;
			buildSettings = {
				ASSETCATALOG_COMPILER_APPICON_NAME = AppIcon;
				CODE_SIGN_STYLE = Automatic;
				INFOPLIST_FILE = "ToDo List/Info.plist";
				LD_RUNPATH_SEARCH_PATHS = "$(inherited) @executable_path/Frameworks";
				PRODUCT_BUNDLE_IDENTIFIER = "com.mlgrier.ToDo-List";
				PRODUCT_NAME = "$(TARGET_NAME)";
				SWIFT_VERSION = 4.0;
				TARGETED_DEVICE_FAMILY = "1,2";
			};
			name = Release;
		};
/* End XCBuildConfiguration section */

/* Begin XCConfigurationList section */
		311D494E1F530B85002FBC09 /* Build configuration list for PBXProject "ToDo List" */ = {
			isa = XCConfigurationList;
			buildConfigurations = (
				311D49661F530B85002FBC09 /* Debug */,
				311D49671F530B85002FBC09 /* Release */,
			);
			defaultConfigurationIsVisible = 0;
			defaultConfigurationName = Release;
		};
		311D49681F530B85002FBC09 /* Build configuration list for PBXNativeTarget "ToDo List" */ = {
			isa = XCConfigurationList;
			buildConfigurations = (
				311D49691F530B85002FBC09 /* Debug */,
				311D496A1F530B85002FBC09 /* Release */,
			);
			defaultConfigurationIsVisible = 0;
			defaultConfigurationName = Release;
		};
/* End XCConfigurationList section */

/* Begin XCVersionGroup section */
		311D495D1F530B85002FBC09 /* ToDo_List.xcdatamodeld */ = {
			isa = XCVersionGroup;
			children = (
				311D495E1F530B85002FBC09 /* ToDo_List.xcdatamodel */,
			);
			currentVersion = 311D495E1F530B85002FBC09 /* ToDo_List.xcdatamodel */;
			path = ToDo_List.xcdatamodeld;
			sourceTree = "<group>";
			versionGroupType = wrapper.xcdatamodel;
		};
/* End XCVersionGroup section */
	};
	rootObject = 311D494B1F530B85002FBC09 /* Project object */;
}
